[[package]]
name = "bitflags"
version = "1.0.1"
source = "registry+https://github.com/rust-lang/crates.io-index"

[[package]]
name = "cc"
version = "1.0.9"
source = "registry+https://github.com/rust-lang/crates.io-index"

[[package]]
name = "crate-test"
version = "0.1.0"
dependencies = [
 "nanovg-sys 0.1.0",
]

[[package]]
name = "nanovg-sys"
version = "0.1.0"
dependencies = [
 "bitflags 1.0.1 (registry+https://github.com/rust-lang/crates.io-index)",
 "cc 1.0.9 (registry+https://github.com/rust-lang/crates.io-index)",
]

[metadata]
"checksum bitflags 1.0.1 (registry+https://github.com/rust-lang/crates.io-index)" = "b3c30d3802dfb7281680d6285f2ccdaa8c2d8fee41f93805dba5c4cf50dc23cf"
"checksum cc 1.0.9 (registry+https://github.com/rust-lang/crates.io-index)" = "2b4911e4bdcb4100c7680e7e854ff38e23f1b34d4d9e079efae3da2801341ffc"
